<?xml version="1.0" encoding="utf-8"?>
<Project ToolsVersion="4.0" xmlns="http://schemas.microsoft.com/developer/msbuild/2003">
  <ItemGroup>
    <Filter Include="Source Files">
      <UniqueIdentifier>{4FC737F1-C7A5-4376-A066-2A32D752A2FF}</UniqueIdentifier>
      <Extensions>cpp;c;cc;cxx;def;odl;idl;hpj;bat;asm;asmx</Extensions>
    </Filter>
    <Filter Include="Header Files">
      <UniqueIdentifier>{93995380-89BD-4b04-88EB-625FBE52EBFB}</UniqueIdentifier>
      <Extensions>h;hh;hpp;hxx;hm;inl;inc;ipp;xsd</Extensions>
    </Filter>
    <Filter Include="Resource Files">
      <UniqueIdentifier>{67DA6AB6-F800-4c08-8B7A-83BB121AAD01}</UniqueIdentifier>
      <Extensions>rc;ico;cur;bmp;dlg;rc2;rct;bin;rgs;gif;jpg;jpeg;jpe;resx;tiff;tif;png;wav;mfcribbon-ms</Extensions>
    </Filter>
    <Filter Include="shared">
      <UniqueIdentifier>{896ca9c0-ab5d-4883-ba00-2512931409be}</UniqueIdentifier>
    </Filter>
  </ItemGroup>
  <ItemGroup>
    <ClInclude Include="socket_server.h">
      <Filter>Header Files</Filter>
    </ClInclude>
    <ClInclude Include="..\shared\socket_tools.h">
      <Filter>shared</Filter>
    </ClInclude>
    <ClInclude Include="client_thread.h">
      <Filter>Header Files</Filter>
    </ClInclude>
    <ClInclude Include="..\shared\thread_tools.h">
      <Filter>shared</Filter>
    </ClInclude>
    <ClInclude Include="..\shared\msg_protocol.h">
      <Filter>shared</Filter>
    </ClInclude>
    <ClInclude Include="game_engine.h">
      <Filter>Header Files</Filter>
    </ClInclude>
    <ClInclude Include="..\shared\utils.h">
      <Filter>shared</Filter>
    </ClInclude>
    <ClInclude Include="..\shared\csv_handler.h">
      <Filter>shared</Filter>
    </ClInclude>
    <ClInclude Include="thread_communication.h">
      <Filter>Header Files</Filter>
    </ClInclude>
    <ClInclude Include="main_thread.h">
      <Filter>Header Files</Filter>
    </ClInclude>
    <ClInclude Include="accept_thread.h">
      <Filter>Header Files</Filter>
    </ClInclude>
  </ItemGroup>
  <ItemGroup>
    <ClCompile Include="main_server.c">
      <Filter>Source Files</Filter>
    </ClCompile>
    <ClCompile Include="socket_server.c">
      <Filter>Source Files</Filter>
    </ClCompile>
    <ClCompile Include="..\shared\socket_tools.c">
      <Filter>shared</Filter>
    </ClCompile>
    <ClCompile Include="client_thread.c">
      <Filter>Source Files</Filter>
    </ClCompile>
    <ClCompile Include="..\shared\thread_tools.c">
      <Filter>shared</Filter>
    </ClCompile>
    <ClCompile Include="..\shared\msg_protocol.c">
      <Filter>shared</Filter>
    </ClCompile>
    <ClCompile Include="game_engine.c">
      <Filter>Source Files</Filter>
    </ClCompile>
    <ClCompile Include="..\shared\utils.c">
      <Filter>shared</Filter>
    </ClCompile>
    <ClCompile Include="..\shared\csv_handler.c">
      <Filter>shared</Filter>
    </ClCompile>
    <ClCompile Include="thread_communication.c">
      <Filter>Source Files</Filter>
    </ClCompile>
    <ClCompile Include="main_thread.c">
      <Filter>Source Files</Filter>
    </ClCompile>
    <ClCompile Include="accept_thread.c">
      <Filter>Source Files</Filter>
    </ClCompile>
  </ItemGroup>
</Project>